{
    "_readme": [
        "This file locks the dependencies of your project to a known state",
        "Read more about it at https://getcomposer.org/doc/01-basic-usage.md#installing-dependencies",
        "This file is @generated automatically"
    ],
    "content-hash": "2e847c11c820ff64f581787108f5f273",
    "packages": [
        {
            "name": "bacon/bacon-qr-code",
            "version": "v3.0.1",
            "source": {
                "type": "git",
                "url": "https://github.com/Bacon/BaconQrCode.git",
                "reference": "f9cc1f52b5a463062251d666761178dbdb6b544f"
            },
            "dist": {
                "type": "zip",
                "url": "https://api.github.com/repos/Bacon/BaconQrCode/zipball/f9cc1f52b5a463062251d666761178dbdb6b544f",
                "reference": "f9cc1f52b5a463062251d666761178dbdb6b544f",
                "shasum": ""
            },
            "require": {
                "dasprid/enum": "^1.0.3",
                "ext-iconv": "*",
                "php": "^8.1"
            },
            "require-dev": {
                "phly/keep-a-changelog": "^2.12",
                "phpunit/phpunit": "^10.5.11 || 11.0.4",
                "spatie/phpunit-snapshot-assertions": "^5.1.5",
                "squizlabs/php_codesniffer": "^3.9"
            },
            "suggest": {
                "ext-imagick": "to generate QR code images"
            },
            "type": "library",
            "autoload": {
                "psr-4": {
                    "BaconQrCode\\": "src/"
                }
            },
            "notification-url": "https://packagist.org/downloads/",
            "license": [
                "BSD-2-Clause"
            ],
            "authors": [
                {
                    "name": "Ben Scholzen 'DASPRiD'",
                    "email": "mail@dasprids.de",
                    "homepage": "https://dasprids.de/",
                    "role": "Developer"
                }
            ],
            "description": "BaconQrCode is a QR code generator for PHP.",
            "homepage": "https://github.com/Bacon/BaconQrCode",
            "support": {
                "issues": "https://github.com/Bacon/BaconQrCode/issues",
                "source": "https://github.com/Bacon/BaconQrCode/tree/v3.0.1"
            },
            "time": "2024-10-01T13:55:55+00:00"
        },
        {
            "name": "chillerlan/php-qrcode",
            "version": "5.0.3",
            "source": {
                "type": "git",
                "url": "https://github.com/chillerlan/php-qrcode.git",
                "reference": "42e215640e9ebdd857570c9e4e52245d1ee51de2"
            },
            "dist": {
                "type": "zip",
                "url": "https://api.github.com/repos/chillerlan/php-qrcode/zipball/42e215640e9ebdd857570c9e4e52245d1ee51de2",
                "reference": "42e215640e9ebdd857570c9e4e52245d1ee51de2",
                "shasum": ""
            },
            "require": {
                "chillerlan/php-settings-container": "^2.1.6 || ^3.2.1",
                "ext-mbstring": "*",
                "php": "^7.4 || ^8.0"
            },
            "require-dev": {
                "chillerlan/php-authenticator": "^4.3.1 || ^5.2.1",
                "ext-fileinfo": "*",
                "phan/phan": "^5.4.5",
                "phpcompatibility/php-compatibility": "10.x-dev",
                "phpmd/phpmd": "^2.15",
                "phpunit/phpunit": "^9.6",
                "setasign/fpdf": "^1.8.2",
                "slevomat/coding-standard": "^8.15",
                "squizlabs/php_codesniffer": "^3.11"
            },
            "suggest": {
                "chillerlan/php-authenticator": "Yet another Google authenticator! Also creates URIs for mobile apps.",
                "setasign/fpdf": "Required to use the QR FPDF output.",
                "simple-icons/simple-icons": "SVG icons that you can use to embed as logos in the QR Code"
            },
            "type": "library",
            "autoload": {
                "psr-4": {
                    "chillerlan\\QRCode\\": "src"
                }
            },
            "notification-url": "https://packagist.org/downloads/",
            "license": [
                "MIT",
                "Apache-2.0"
            ],
            "authors": [
                {
                    "name": "Kazuhiko Arase",
                    "homepage": "https://github.com/kazuhikoarase/qrcode-generator"
                },
                {
                    "name": "ZXing Authors",
                    "homepage": "https://github.com/zxing/zxing"
                },
                {
                    "name": "Ashot Khanamiryan",
                    "homepage": "https://github.com/khanamiryan/php-qrcode-detector-decoder"
                },
                {
                    "name": "Smiley",
                    "email": "smiley@chillerlan.net",
                    "homepage": "https://github.com/codemasher"
                },
                {
                    "name": "Contributors",
                    "homepage": "https://github.com/chillerlan/php-qrcode/graphs/contributors"
                }
            ],
            "description": "A QR Code generator and reader with a user-friendly API. PHP 7.4+",
            "homepage": "https://github.com/chillerlan/php-qrcode",
            "keywords": [
                "phpqrcode",
                "qr",
                "qr code",
                "qr-reader",
                "qrcode",
                "qrcode-generator",
                "qrcode-reader"
            ],
            "support": {
                "docs": "https://php-qrcode.readthedocs.io",
                "issues": "https://github.com/chillerlan/php-qrcode/issues",
                "source": "https://github.com/chillerlan/php-qrcode"
            },
            "funding": [
                {
                    "url": "https://ko-fi.com/codemasher",
                    "type": "Ko-Fi"
                }
            ],
            "time": "2024-11-21T16:12:34+00:00"
        },
        {
            "name": "chillerlan/php-settings-container",
            "version": "3.2.1",
            "source": {
                "type": "git",
                "url": "https://github.com/chillerlan/php-settings-container.git",
                "reference": "95ed3e9676a1d47cab2e3174d19b43f5dbf52681"
            },
            "dist": {
                "type": "zip",
                "url": "https://api.github.com/repos/chillerlan/php-settings-container/zipball/95ed3e9676a1d47cab2e3174d19b43f5dbf52681",
                "reference": "95ed3e9676a1d47cab2e3174d19b43f5dbf52681",
                "shasum": ""
            },
            "require": {
                "ext-json": "*",
                "php": "^8.1"
            },
            "require-dev": {
                "phpmd/phpmd": "^2.15",
                "phpstan/phpstan": "^1.11",
                "phpstan/phpstan-deprecation-rules": "^1.2",
                "phpunit/phpunit": "^10.5",
                "squizlabs/php_codesniffer": "^3.10"
            },
            "type": "library",
            "autoload": {
                "psr-4": {
                    "chillerlan\\Settings\\": "src"
                }
            },
            "notification-url": "https://packagist.org/downloads/",
            "license": [
                "MIT"
            ],
            "authors": [
                {
                    "name": "Smiley",
                    "email": "smiley@chillerlan.net",
                    "homepage": "https://github.com/codemasher"
                }
            ],
            "description": "A container class for immutable settings objects. Not a DI container.",
            "homepage": "https://github.com/chillerlan/php-settings-container",
            "keywords": [
                "Settings",
                "configuration",
                "container",
                "helper"
            ],
            "support": {
                "issues": "https://github.com/chillerlan/php-settings-container/issues",
                "source": "https://github.com/chillerlan/php-settings-container"
            },
            "funding": [
                {
                    "url": "https://www.paypal.com/donate?hosted_button_id=WLYUNAT9ZTJZ4",
                    "type": "custom"
                },
                {
                    "url": "https://ko-fi.com/codemasher",
                    "type": "ko_fi"
                }
            ],
            "time": "2024-07-16T11:13:48+00:00"
        },
        {
            "name": "choowx/rasterize-svg",
            "version": "v0.1.2",
            "source": {
                "type": "git",
                "url": "https://github.com/choowx/rasterize-svg.git",
                "reference": "d23fad7be783ebb15097e5abb31621223917ce9a"
            },
            "dist": {
                "type": "zip",
                "url": "https://api.github.com/repos/choowx/rasterize-svg/zipball/d23fad7be783ebb15097e5abb31621223917ce9a",
                "reference": "d23fad7be783ebb15097e5abb31621223917ce9a",
                "shasum": ""
            },
            "require": {
                "php": "^8.1",
                "spatie/temporary-directory": "^2.1",
                "symfony/process": "^6.2|^7.0"
            },
            "require-dev": {
                "laravel/pint": "^1.0",
                "pestphp/pest": "^2.15",
                "sapientpro/image-comparator": "^1.0"
            },
            "type": "library",
            "autoload": {
                "psr-4": {
                    "Choowx\\RasterizeSvg\\": "src"
                }
            },
            "notification-url": "https://packagist.org/downloads/",
            "license": [
                "MIT"
            ],
            "authors": [
                {
                    "name": "Choo Wen Xuan",
                    "email": "choowenxuan@gmail.com",
                    "role": "Developer"
                }
            ],
            "description": "A PHP library for converting SVG to JPEG, PNG, and WEBP",
            "homepage": "https://github.com/choowx/rasterize-svg",
            "keywords": [
                "Webp",
                "choowx",
                "convert",
                "jpeg",
                "jpg",
                "php",
                "png",
                "rasterize",
                "rasterize-svg",
                "svg"
            ],
            "support": {
                "issues": "https://github.com/choowx/rasterize-svg/issues",
                "source": "https://github.com/choowx/rasterize-svg/tree/v0.1.2"
            },
            "funding": [
                {
                    "url": "https://github.com/choowx",
                    "type": "github"
                }
            ],
            "time": "2024-07-22T08:57:50+00:00"
        },
        {
            "name": "contao/imagine-svg",
            "version": "1.0.4",
            "source": {
                "type": "git",
                "url": "https://github.com/contao/imagine-svg.git",
                "reference": "3e8c7356951a94bc8ff6338296496a2a3cd23dc4"
            },
            "dist": {
                "type": "zip",
                "url": "https://api.github.com/repos/contao/imagine-svg/zipball/3e8c7356951a94bc8ff6338296496a2a3cd23dc4",
                "reference": "3e8c7356951a94bc8ff6338296496a2a3cd23dc4",
                "shasum": ""
            },
            "require": {
                "ext-dom": "*",
                "imagine/imagine": "^1.1",
                "php": "^7.2 || ^8.0"
            },
            "require-dev": {
                "bamarni/composer-bin-plugin": "^1.8",
                "composer/semver": "^3.3",
                "contao/test-case": "^4.4",
                "phpunit/phpunit": "^8.5.4",
                "symfony/filesystem": "^5.0"
            },
            "type": "library",
            "extra": {
                "bamarni-bin": {
                    "bin-links": false,
                    "target-directory": "tools"
                }
            },
            "autoload": {
                "psr-4": {
                    "Contao\\ImagineSvg\\": "src/"
                }
            },
            "notification-url": "https://packagist.org/downloads/",
            "license": [
                "LGPL-3.0-or-later"
            ],
            "authors": [
                {
                    "name": "Martin Auswöger",
                    "homepage": "https://github.com/ausi"
                }
            ],
            "description": "Contao Imagine SVG library",
            "support": {
                "issues": "https://github.com/contao/imagine-svg/issues",
                "source": "https://github.com/contao/imagine-svg/tree/1.0.4"
            },
            "funding": [
                {
                    "url": "https://to.contao.org/donate",
                    "type": "custom"
                }
            ],
            "time": "2024-10-02T10:47:33+00:00"
        },
        {
            "name": "dasprid/enum",
            "version": "1.0.6",
            "source": {
                "type": "git",
                "url": "https://github.com/DASPRiD/Enum.git",
                "reference": "8dfd07c6d2cf31c8da90c53b83c026c7696dda90"
            },
            "dist": {
                "type": "zip",
                "url": "https://api.github.com/repos/DASPRiD/Enum/zipball/8dfd07c6d2cf31c8da90c53b83c026c7696dda90",
                "reference": "8dfd07c6d2cf31c8da90c53b83c026c7696dda90",
                "shasum": ""
            },
            "require": {
                "php": ">=7.1 <9.0"
            },
            "require-dev": {
                "phpunit/phpunit": "^7 || ^8 || ^9 || ^10 || ^11",
                "squizlabs/php_codesniffer": "*"
            },
            "type": "library",
            "autoload": {
                "psr-4": {
                    "DASPRiD\\Enum\\": "src/"
                }
            },
            "notification-url": "https://packagist.org/downloads/",
            "license": [
                "BSD-2-Clause"
            ],
            "authors": [
                {
                    "name": "Ben Scholzen 'DASPRiD'",
                    "email": "mail@dasprids.de",
                    "homepage": "https://dasprids.de/",
                    "role": "Developer"
                }
            ],
            "description": "PHP 7.1 enum implementation",
            "keywords": [
                "enum",
                "map"
            ],
            "support": {
                "issues": "https://github.com/DASPRiD/Enum/issues",
                "source": "https://github.com/DASPRiD/Enum/tree/1.0.6"
            },
            "time": "2024-08-09T14:30:48+00:00"
        },
        {
            "name": "endroid/qr-code",
            "version": "6.0.3",
            "source": {
                "type": "git",
                "url": "https://github.com/endroid/qr-code.git",
                "reference": "bdbb06e767efe9abe3c00461662b4059a6cd0b55"
            },
            "dist": {
                "type": "zip",
                "url": "https://api.github.com/repos/endroid/qr-code/zipball/bdbb06e767efe9abe3c00461662b4059a6cd0b55",
                "reference": "bdbb06e767efe9abe3c00461662b4059a6cd0b55",
                "shasum": ""
            },
            "require": {
                "bacon/bacon-qr-code": "^3.0",
                "php": "^8.2"
            },
            "require-dev": {
                "endroid/quality": "dev-main",
                "ext-gd": "*",
                "khanamiryan/qrcode-detector-decoder": "^2.0.2",
                "setasign/fpdf": "^1.8.2"
            },
            "suggest": {
                "ext-gd": "Enables you to write PNG images",
                "khanamiryan/qrcode-detector-decoder": "Enables you to use the image validator",
                "roave/security-advisories": "Makes sure package versions with known security issues are not installed",
                "setasign/fpdf": "Enables you to use the PDF writer"
            },
            "type": "library",
            "extra": {
                "branch-alias": {
                    "dev-main": "6.x-dev"
                }
            },
            "autoload": {
                "psr-4": {
                    "Endroid\\QrCode\\": "src/"
                }
            },
            "notification-url": "https://packagist.org/downloads/",
            "license": [
                "MIT"
            ],
            "authors": [
                {
                    "name": "Jeroen van den Enden",
                    "email": "info@endroid.nl"
                }
            ],
            "description": "Endroid QR Code",
            "homepage": "https://github.com/endroid/qr-code",
            "keywords": [
                "code",
                "endroid",
                "php",
                "qr",
                "qrcode"
            ],
            "support": {
                "issues": "https://github.com/endroid/qr-code/issues",
                "source": "https://github.com/endroid/qr-code/tree/6.0.3"
            },
            "funding": [
                {
                    "url": "https://github.com/endroid",
                    "type": "github"
                }
            ],
            "time": "2024-10-29T19:28:52+00:00"
        },
        {
            "name": "imagine/imagine",
            "version": "1.5.0",
            "source": {
                "type": "git",
                "url": "https://github.com/php-imagine/Imagine.git",
                "reference": "80ab21434890dee9ba54969d31c51ac8d4d551e0"
            },
            "dist": {
                "type": "zip",
                "url": "https://api.github.com/repos/php-imagine/Imagine/zipball/80ab21434890dee9ba54969d31c51ac8d4d551e0",
                "reference": "80ab21434890dee9ba54969d31c51ac8d4d551e0",
                "shasum": ""
            },
            "require": {
                "php": ">=7.1"
            },
            "require-dev": {
                "phpunit/phpunit": "^4.8 || ^5.7 || ^6.5 || ^7.5 || ^8.4 || ^9.3"
            },
            "suggest": {
                "ext-exif": "to read EXIF metadata",
                "ext-gd": "to use the GD implementation",
                "ext-gmagick": "to use the Gmagick implementation",
                "ext-imagick": "to use the Imagick implementation"
            },
            "type": "library",
            "extra": {
                "branch-alias": {
                    "dev-develop": "1.x-dev"
                }
            },
            "autoload": {
                "psr-4": {
                    "Imagine\\": "src/"
                }
            },
            "notification-url": "https://packagist.org/downloads/",
            "license": [
                "MIT"
            ],
            "authors": [
                {
                    "name": "Bulat Shakirzyanov",
                    "email": "mallluhuct@gmail.com",
                    "homepage": "http://avalanche123.com"
                }
            ],
            "description": "Image processing for PHP",
            "homepage": "http://imagine.readthedocs.org/",
            "keywords": [
                "drawing",
                "graphics",
                "image manipulation",
                "image processing"
            ],
            "support": {
                "issues": "https://github.com/php-imagine/Imagine/issues",
                "source": "https://github.com/php-imagine/Imagine/tree/1.5.0"
            },
            "time": "2024-12-03T14:37:55+00:00"
        },
        {
            "name": "spatie/temporary-directory",
            "version": "2.3.0",
            "source": {
                "type": "git",
                "url": "https://github.com/spatie/temporary-directory.git",
                "reference": "580eddfe9a0a41a902cac6eeb8f066b42e65a32b"
            },
            "dist": {
                "type": "zip",
                "url": "https://api.github.com/repos/spatie/temporary-directory/zipball/580eddfe9a0a41a902cac6eeb8f066b42e65a32b",
                "reference": "580eddfe9a0a41a902cac6eeb8f066b42e65a32b",
                "shasum": ""
            },
            "require": {
                "php": "^8.0"
            },
            "require-dev": {
                "phpunit/phpunit": "^9.5"
            },
            "type": "library",
            "autoload": {
                "psr-4": {
                    "Spatie\\TemporaryDirectory\\": "src"
                }
            },
            "notification-url": "https://packagist.org/downloads/",
            "license": [
                "MIT"
            ],
            "authors": [
                {
                    "name": "Alex Vanderbist",
                    "email": "alex@spatie.be",
                    "homepage": "https://spatie.be",
                    "role": "Developer"
                }
            ],
            "description": "Easily create, use and destroy temporary directories",
            "homepage": "https://github.com/spatie/temporary-directory",
            "keywords": [
                "php",
                "spatie",
                "temporary-directory"
            ],
            "support": {
                "issues": "https://github.com/spatie/temporary-directory/issues",
                "source": "https://github.com/spatie/temporary-directory/tree/2.3.0"
            },
            "funding": [
                {
                    "url": "https://spatie.be/open-source/support-us",
                    "type": "custom"
                },
                {
                    "url": "https://github.com/spatie",
                    "type": "github"
                }
            ],
            "time": "2025-01-13T13:04:43+00:00"
        },
        {
            "name": "symfony/process",
            "version": "v7.2.0",
            "source": {
                "type": "git",
                "url": "https://github.com/symfony/process.git",
                "reference": "d34b22ba9390ec19d2dd966c40aa9e8462f27a7e"
            },
            "dist": {
                "type": "zip",
                "url": "https://api.github.com/repos/symfony/process/zipball/d34b22ba9390ec19d2dd966c40aa9e8462f27a7e",
                "reference": "d34b22ba9390ec19d2dd966c40aa9e8462f27a7e",
                "shasum": ""
            },
            "require": {
                "php": ">=8.2"
            },
            "type": "library",
            "autoload": {
                "psr-4": {
                    "Symfony\\Component\\Process\\": ""
                },
                "exclude-from-classmap": [
                    "/Tests/"
                ]
            },
            "notification-url": "https://packagist.org/downloads/",
            "license": [
                "MIT"
            ],
            "authors": [
                {
                    "name": "Fabien Potencier",
                    "email": "fabien@symfony.com"
                },
                {
                    "name": "Symfony Community",
                    "homepage": "https://symfony.com/contributors"
                }
            ],
            "description": "Executes commands in sub-processes",
            "homepage": "https://symfony.com",
            "support": {
                "source": "https://github.com/symfony/process/tree/v7.2.0"
            },
            "funding": [
                {
                    "url": "https://symfony.com/sponsor",
                    "type": "custom"
                },
                {
                    "url": "https://github.com/fabpot",
                    "type": "github"
                },
                {
                    "url": "https://tidelift.com/funding/github/packagist/symfony/symfony",
                    "type": "tidelift"
                }
            ],
            "time": "2024-11-06T14:24:19+00:00"
        }
    ],
    "packages-dev": [],
    "aliases": [],
    "minimum-stability": "stable",
    "stability-flags": [],
    "prefer-stable": false,
    "prefer-lowest": false,
    "platform": [],
    "platform-dev": [],
    "plugin-api-version": "2.3.0"
}
